symfony 8a1fe408298681fbaf30e06ca3c23bd8e117a782
twig 661e9c7ad2820e881c93474f2fbcbe2661fd1970
monolog 7e0f4ef70e6f66326b4899d1929ed603f9373f2f
doctrine-common 00927a587c5b483f98d93a3af0a11a0a6c4ee419
doctrine-dbal 4981b302c36cc9c2a305b8d80b75b8b114d497c9
doctrine 024b7b7cb6a11aa8c7fd753bf955f33c2fbc3054
swiftmailer c53c8c1ab88c78c463ba65086d93d00193957e94
assetic ff2cc17175addf307d40141198968530280693db
twig-extensions 6b0cc16934b6e62ef07c8d2e59f9f13ff3193d3d
metadata aa04872c6f0e2b32128b62dd075e8cf97a8d93da
SensioFrameworkExtraBundle d36c60b4b1f47081476742d4aae39d4a5c9f4272
JMSSecurityExtraBundle a7717ed531f64fac812634d7f5a5c6c9b825e14f
SensioDistributionBundle 868d8db9ca3ae41d5d6e74f3db708eb5970bc478
SensioGeneratorBundle a3804aa0d3ca6574069670cd77ed84ef1976129f
AsseticBundle bf7ee477c1192cb8f7e27697be0b5cd263b9015d
PaginatorBundle c6fd12fd6836fc5a527f265f225f180145e98db6
zend be8c51bd26fe9a6652e1051f059bf435e94ee2d4
doctrine-fixtures 4a8464ef83093de2378cef2770e13da7e4858ffc
DoctrineFixturesBundle d0d6a6e4fbbea44ab1ab7d4a107b7818d9562010