symfony v2.0.15
twig v1.8.2
monolog 1.0.2
doctrine-common 2.1.4
doctrine-dbal 2.1.7
doctrine 2.1.7
swiftmailer v4.1.7
assetic v1.0.3
twig-extensions feb6d3f10c411e2631997c0a905aa581c80305c1
metadata 1.0.0
SensioFrameworkExtraBundle 891359252711c424d5da8cac9fa1e757450a6db2
JMSSecurityExtraBundle e752f888c51425f71382c056961f10f2be642102
SensioDistributionBundle 41a6c5caed65f02bb09c95a90579f047616471fd
SensioGeneratorBundle c0118ce370f8da20e43051f2dd1ae331a202ab9c
AsseticBundle v1.0.1
knp-components 99ea408dc2a7c3616e688ffe67e3248ece69ff0e
KnpPaginatorBundle 427db8350ae57659645ba35480bbe1194c1c695f
OSRssBundle 5f89a3c4eeba66f2b826b22729075faa15bb21dd
OSSitemapBundle 26ec888e3cb5c63db3d07b329abc735b4d6cdd2b
doctrine-fixtures d233d05437c1a10034867f22069b4bb0f7dc96b6
DoctrineFixturesBundle 33b267d3068d6c2f8daa0b417285cf76e7f82fc4
KnpMarkdownBundle d0fac3f6d2ac502386ee73def9cf900029e1d353
