symfony 848f87504de4cf825f1e44f20e89fb266f64e653
twig 0b7d6dfa0cf0dfb6a3c5745b6434ebd6ea32e90e
monolog b704c49a3051536f67f2d39f13568f74615b9922
doctrine-common b886898821288d305862ee9c567cc5b5cbb4c0dc
doctrine-dbal ae358bd94ec09d7d3ad92ca7820e67825ad9e5f4
doctrine bff55577cd7df5924dcc43a237993f2d052316f2
swiftmailer daaff2b8515390fbb10882647311f476b89a67e6
assetic f829ad23d23c87480151a21faad49fefe7c09e5d
twig-extensions d75a453b4e1ad48216cc4803ba9095855f130774
metadata 8717ad2a5689480765d9ffafe925cd8a2457e582
SensioFrameworkExtraBundle 1c7e92f466d11f83130b0c1271f44d067a2c3b31
JMSSecurityExtraBundle b8b7eb294ed83d83ca7260ac018e701f08003538
SensioDistributionBundle 20b66a408084ad8752f98e50f10533f5245310bf
SensioGeneratorBundle 87fe88c4c8dc09cb197ba4b2d6d5b834e2c64980
AsseticBundle 41b5913b5086a0909af92adcb4a6005ee0051b16
knp-components 654ccfa274d7e92159980b8a1e9259492506f8b6
KnpPaginatorBundle 32c5c3c91bbf283c4119a8891bb5acfd5df398dc
OSRssBundle 766272976170ba4283777e896e78479a1a67ad2c
doctrine-fixtures f09c0840df9cb7968c89acb91a9fa262f158b1c5
DoctrineFixturesBundle a66be2f077f3a4e5c3801b356b42b8782f1abbd6
KnpMarkdownBundle 239972dd8e93e30e7c9d95df82636d37d0350f88